
Microsoft Visual Studio Solution File, Format Version 12.00
# Visual Studio 15
VisualStudioVersion = 15.0.27130.2027
MinimumVisualStudioVersion = 10.0.40219.1
Project("{8BC9CEB8-8B4A-11D0-8D11-00A0C91BC942}") = "LightFieldVaveletTests", "LightFieldVaveletTests\LightFieldVaveletTests.vcxproj", "{3F497193-C453-4506-9307-E36DB0E0EC57}"
	ProjectSection(ProjectDependencies) = postProject
		{CD45AE67-A7E3-443F-9762-FC84BCE39DA3} = {CD45AE67-A7E3-443F-9762-FC84BCE39DA3}
	EndProjectSection
EndProject
Project("{8BC9CEB8-8B4A-11D0-8D11-00A0C91BC942}") = "LightFieldVaveletLib", "LightFieldVaveletLib\LightFieldVaveletLib.vcxproj", "{CD45AE67-A7E3-443F-9762-FC84BCE39DA3}"
EndProject
Global
	GlobalSection(SolutionConfigurationPlatforms) = preSolution
		Debug|x64 = Debug|x64
		Debug|x86 = Debug|x86
		Release|x64 = Release|x64
		Release|x86 = Release|x86
	EndGlobalSection
	GlobalSection(ProjectConfigurationPlatforms) = postSolution
		{3F497193-C453-4506-9307-E36DB0E0EC57}.Debug|x64.ActiveCfg = Debug|x64
		{3F497193-C453-4506-9307-E36DB0E0EC57}.Debug|x64.Build.0 = Debug|x64
		{3F497193-C453-4506-9307-E36DB0E0EC57}.Debug|x86.ActiveCfg = Debug|Win32
		{3F497193-C453-4506-9307-E36DB0E0EC57}.Debug|x86.Build.0 = Debug|Win32
		{3F497193-C453-4506-9307-E36DB0E0EC57}.Release|x64.ActiveCfg = Release|x64
		{3F497193-C453-4506-9307-E36DB0E0EC57}.Release|x64.Build.0 = Release|x64
		{3F497193-C453-4506-9307-E36DB0E0EC57}.Release|x86.ActiveCfg = Release|Win32
		{3F497193-C453-4506-9307-E36DB0E0EC57}.Release|x86.Build.0 = Release|Win32
		{CD45AE67-A7E3-443F-9762-FC84BCE39DA3}.Debug|x64.ActiveCfg = Debug|x64
		{CD45AE67-A7E3-443F-9762-FC84BCE39DA3}.Debug|x64.Build.0 = Debug|x64
		{CD45AE67-A7E3-443F-9762-FC84BCE39DA3}.Debug|x86.ActiveCfg = Debug|Win32
		{CD45AE67-A7E3-443F-9762-FC84BCE39DA3}.Debug|x86.Build.0 = Debug|Win32
		{CD45AE67-A7E3-443F-9762-FC84BCE39DA3}.Release|x64.ActiveCfg = Release|x64
		{CD45AE67-A7E3-443F-9762-FC84BCE39DA3}.Release|x64.Build.0 = Release|x64
		{CD45AE67-A7E3-443F-9762-FC84BCE39DA3}.Release|x86.ActiveCfg = Release|Win32
		{CD45AE67-A7E3-443F-9762-FC84BCE39DA3}.Release|x86.Build.0 = Release|Win32
	EndGlobalSection
	GlobalSection(SolutionProperties) = preSolution
		HideSolutionNode = FALSE
	EndGlobalSection
	GlobalSection(ExtensibilityGlobals) = postSolution
		SolutionGuid = {C5C2AFC1-0A09-47DB-906A-707938F491B2}
	EndGlobalSection
EndGlobal
