<?xml version="1.0" encoding="utf-8"?>
<Project ToolsVersion="4.0" xmlns="http://schemas.microsoft.com/developer/msbuild/2003">
  <ItemGroup>
    <Filter Include="Source Files">
      <UniqueIdentifier>{4FC737F1-C7A5-4376-A066-2A32D752A2FF}</UniqueIdentifier>
      <Extensions>cpp;c;cc;cxx;def;odl;idl;hpj;bat;asm;asmx</Extensions>
    </Filter>
    <Filter Include="Header Files">
      <UniqueIdentifier>{93995380-89BD-4b04-88EB-625FBE52EBFB}</UniqueIdentifier>
      <Extensions>h;hh;hpp;hxx;hm;inl;inc;ipp;xsd</Extensions>
    </Filter>
    <Filter Include="Resource Files">
      <UniqueIdentifier>{67DA6AB6-F800-4c08-8B7A-83BB121AAD01}</UniqueIdentifier>
      <Extensions>rc;ico;cur;bmp;dlg;rc2;rct;bin;rgs;gif;jpg;jpeg;jpe;resx;tiff;tif;png;wav;mfcribbon-ms</Extensions>
    </Filter>
    <Filter Include="WaveletLib">
      <UniqueIdentifier>{bafb10bb-9074-495a-acab-6abd7cbe98bd}</UniqueIdentifier>
    </Filter>
    <Filter Include="WaveletLib\SphereStructure">
      <UniqueIdentifier>{26d7ec05-bfbf-4ed0-977a-c4d5eb71c066}</UniqueIdentifier>
    </Filter>
    <Filter Include="WaveletLib\WaveletCoeffDictionary">
      <UniqueIdentifier>{35eb113d-78ac-4f3c-aef2-e3c78ea28593}</UniqueIdentifier>
    </Filter>
    <Filter Include="WaveletLib\LightFieldMatrix">
      <UniqueIdentifier>{3d7761c3-f5bf-49f2-b52e-b9df59ca1377}</UniqueIdentifier>
    </Filter>
    <Filter Include="WaveletLib\RaysDictionary">
      <UniqueIdentifier>{dc2249eb-8974-462c-bb7f-42ae704dcc49}</UniqueIdentifier>
    </Filter>
    <Filter Include="WaveletLib\WaveletCompression">
      <UniqueIdentifier>{c220af4a-83d4-4416-a68c-a3f042ba8123}</UniqueIdentifier>
    </Filter>
    <Filter Include="WaveletLib\SphereStructure\SphereData">
      <UniqueIdentifier>{1b5f131e-f6d9-4280-81a6-0639757bb50f}</UniqueIdentifier>
    </Filter>
  </ItemGroup>
  <ItemGroup>
    <ClInclude Include="stdafx.h">
      <Filter>Header Files</Filter>
    </ClInclude>
    <ClInclude Include="targetver.h">
      <Filter>Header Files</Filter>
    </ClInclude>
    <ClInclude Include="LightFieldMatrix.h">
      <Filter>WaveletLib\LightFieldMatrix</Filter>
    </ClInclude>
    <ClInclude Include="WaveletCoeffDictionary.h">
      <Filter>WaveletLib\WaveletCoeffDictionary</Filter>
    </ClInclude>
    <ClInclude Include="Constants.h">
      <Filter>Header Files</Filter>
    </ClInclude>
    <ClInclude Include="RaysDictionary.h">
      <Filter>WaveletLib\RaysDictionary</Filter>
    </ClInclude>
    <ClInclude Include="WaveletCompression.h">
      <Filter>WaveletLib\WaveletCompression</Filter>
    </ClInclude>
    <ClInclude Include="SphereEdge.h">
      <Filter>WaveletLib\SphereStructure\SphereData</Filter>
    </ClInclude>
    <ClInclude Include="SphereFace.h">
      <Filter>WaveletLib\SphereStructure\SphereData</Filter>
    </ClInclude>
    <ClInclude Include="SphereLevel.h">
      <Filter>WaveletLib\SphereStructure\SphereData</Filter>
    </ClInclude>
    <ClInclude Include="SphereVertex.h">
      <Filter>WaveletLib\SphereStructure\SphereData</Filter>
    </ClInclude>
    <ClInclude Include="SubdivisionSphere.h">
      <Filter>WaveletLib\SphereStructure</Filter>
    </ClInclude>
  </ItemGroup>
  <ItemGroup>
    <ClCompile Include="stdafx.cpp">
      <Filter>Source Files</Filter>
    </ClCompile>
    <ClCompile Include="LightFieldMatrix.cpp">
      <Filter>WaveletLib\LightFieldMatrix</Filter>
    </ClCompile>
    <ClCompile Include="WaveletCoeffDictionary.cpp">
      <Filter>WaveletLib\WaveletCoeffDictionary</Filter>
    </ClCompile>
    <ClCompile Include="RaysDictionary.cpp">
      <Filter>WaveletLib\RaysDictionary</Filter>
    </ClCompile>
    <ClCompile Include="WaveletCompression.cpp">
      <Filter>WaveletLib\WaveletCompression</Filter>
    </ClCompile>
    <ClCompile Include="SphereLevel.cpp">
      <Filter>WaveletLib\SphereStructure\SphereData</Filter>
    </ClCompile>
    <ClCompile Include="SubdivisionSphere.cpp">
      <Filter>WaveletLib\SphereStructure</Filter>
    </ClCompile>
  </ItemGroup>
</Project>