<?xml version="1.0" encoding="utf-8"?>
<Project ToolsVersion="4.0" xmlns="http://schemas.microsoft.com/developer/msbuild/2003">
  <ItemGroup>
    <Filter Include="Source Files">
      <UniqueIdentifier>{4FC737F1-C7A5-4376-A066-2A32D752A2FF}</UniqueIdentifier>
      <Extensions>cpp;c;cc;cxx;def;odl;idl;hpj;bat;asm;asmx</Extensions>
    </Filter>
    <Filter Include="Header Files">
      <UniqueIdentifier>{93995380-89BD-4b04-88EB-625FBE52EBFB}</UniqueIdentifier>
      <Extensions>h;hh;hpp;hxx;hm;inl;inc;xsd</Extensions>
    </Filter>
    <Filter Include="Resource Files">
      <UniqueIdentifier>{67DA6AB6-F800-4c08-8B7A-83BB121AAD01}</UniqueIdentifier>
      <Extensions>rc;ico;cur;bmp;dlg;rc2;rct;bin;rgs;gif;jpg;jpeg;jpe;resx;tiff;tif;png;wav;mfcribbon-ms</Extensions>
    </Filter>
    <Filter Include="Shader Files">
      <UniqueIdentifier>{d9d5cf93-5bee-4a5e-b8f0-5aa288f016d3}</UniqueIdentifier>
    </Filter>
    <Filter Include="Source Files\cuda">
      <UniqueIdentifier>{8fc58b29-1995-4cd3-8422-8ae8ccabe9a6}</UniqueIdentifier>
    </Filter>
    <Filter Include="Header Files\cuda">
      <UniqueIdentifier>{db7eabd0-c914-4fdd-9135-efe3e44a8b19}</UniqueIdentifier>
    </Filter>
    <Filter Include="Header Files\gl">
      <UniqueIdentifier>{10c5e6a1-fc9a-478c-9a7e-106bf4055d97}</UniqueIdentifier>
    </Filter>
    <Filter Include="Source Files\gl">
      <UniqueIdentifier>{11e7e137-9830-45a9-b55b-f9d38a287667}</UniqueIdentifier>
    </Filter>
    <Filter Include="Header Files\Renderer">
      <UniqueIdentifier>{c9793e82-656e-4ce0-a127-b07633f9b69f}</UniqueIdentifier>
    </Filter>
    <Filter Include="Source Files\Renderer">
      <UniqueIdentifier>{70f48855-8f00-4754-a255-293d6564dd16}</UniqueIdentifier>
    </Filter>
    <Filter Include="Source Files\Renderer\CameraArray">
      <UniqueIdentifier>{d5ee8b64-edc5-40d4-9869-0d044b2c8087}</UniqueIdentifier>
    </Filter>
    <Filter Include="Header Files\Renderer\CameraArray">
      <UniqueIdentifier>{37d30cc4-c6a5-408c-b553-bb9c5254505e}</UniqueIdentifier>
    </Filter>
    <Filter Include="Shader Files\cameraArray">
      <UniqueIdentifier>{b691bb68-aef4-48a9-9398-172fa9226ea3}</UniqueIdentifier>
    </Filter>
  </ItemGroup>
  <ItemGroup>
    <ClInclude Include="stdafx.h">
      <Filter>Header Files</Filter>
    </ClInclude>
    <ClInclude Include="targetver.h">
      <Filter>Header Files</Filter>
    </ClInclude>
    <ClInclude Include="HellaViewer.h">
      <Filter>Header Files</Filter>
    </ClInclude>
    <ClInclude Include="thirdparty\tinyxml2\tinyxml2.h">
      <Filter>Header Files</Filter>
    </ClInclude>
    <ClInclude Include="CudaHaarLifting.h">
      <Filter>Header Files\cuda</Filter>
    </ClInclude>
    <ClInclude Include="CudaPropertyViewer.h">
      <Filter>Header Files\cuda</Filter>
    </ClInclude>
    <ClInclude Include="CudaUtility.h">
      <Filter>Header Files\cuda</Filter>
    </ClInclude>
    <ClInclude Include="Signal.h">
      <Filter>Header Files</Filter>
    </ClInclude>
    <ClInclude Include="GLUtility.h">
      <Filter>Header Files\gl</Filter>
    </ClInclude>
    <ClInclude Include="RenderContext.h">
      <Filter>Header Files\gl</Filter>
    </ClInclude>
    <ClInclude Include="ShaderManager.h">
      <Filter>Header Files\gl</Filter>
    </ClInclude>
    <ClInclude Include="Texture.h">
      <Filter>Header Files\gl</Filter>
    </ClInclude>
    <ClInclude Include="TrackballCamera.h">
      <Filter>Header Files\gl</Filter>
    </ClInclude>
    <ClInclude Include="VRCamera.h">
      <Filter>Header Files\gl</Filter>
    </ClInclude>
    <ClInclude Include="Renderer.h">
      <Filter>Header Files\Renderer</Filter>
    </ClInclude>
    <ClInclude Include="CheckerboardRenderer.h">
      <Filter>Header Files\Renderer</Filter>
    </ClInclude>
    <ClInclude Include="Blit.h">
      <Filter>Header Files\gl</Filter>
    </ClInclude>
    <ClInclude Include="CameraArrayRenderer.h">
      <Filter>Header Files\Renderer\CameraArray</Filter>
    </ClInclude>
    <ClInclude Include="CameraArrayParser.h">
      <Filter>Header Files\Renderer\CameraArray</Filter>
    </ClInclude>
    <ClInclude Include="CudaGlArrayBuffer.h">
      <Filter>Header Files</Filter>
    </ClInclude>
    <ClInclude Include="SphereRenderer.h">
      <Filter>Header Files\Renderer</Filter>
    </ClInclude>
    <ClInclude Include="HaarLiftingRenderer.h">
      <Filter>Header Files\Renderer</Filter>
    </ClInclude>
  </ItemGroup>
  <ItemGroup>
    <ClCompile Include="stdafx.cpp">
      <Filter>Source Files</Filter>
    </ClCompile>
    <ClCompile Include="thirdparty\tinyxml2\tinyxml2.cpp">
      <Filter>Source Files</Filter>
    </ClCompile>
    <ClCompile Include="Signal.cpp">
      <Filter>Source Files</Filter>
    </ClCompile>
    <ClCompile Include="GLUtility.cpp">
      <Filter>Source Files\gl</Filter>
    </ClCompile>
    <ClCompile Include="RenderContext.cpp">
      <Filter>Source Files\gl</Filter>
    </ClCompile>
    <ClCompile Include="ShaderManager.cpp">
      <Filter>Source Files\gl</Filter>
    </ClCompile>
    <ClCompile Include="Texture.cpp">
      <Filter>Source Files\gl</Filter>
    </ClCompile>
    <ClCompile Include="VRCamera.cpp">
      <Filter>Source Files\gl</Filter>
    </ClCompile>
    <ClCompile Include="TrackballCamera.cpp">
      <Filter>Source Files\gl</Filter>
    </ClCompile>
    <ClCompile Include="Renderer.cpp">
      <Filter>Source Files\Renderer</Filter>
    </ClCompile>
    <ClCompile Include="CheckerboardRenderer.cpp">
      <Filter>Source Files\Renderer</Filter>
    </ClCompile>
    <ClCompile Include="Blit.cpp">
      <Filter>Source Files\gl</Filter>
    </ClCompile>
    <ClCompile Include="HellaViewer.cpp">
      <Filter>Source Files</Filter>
    </ClCompile>
    <ClCompile Include="CudaHaarLifting.cpp">
      <Filter>Source Files\cuda</Filter>
    </ClCompile>
    <ClCompile Include="CudaPropertyViewer.cpp">
      <Filter>Source Files\cuda</Filter>
    </ClCompile>
    <ClCompile Include="CudaUtility.cpp">
      <Filter>Source Files\cuda</Filter>
    </ClCompile>
    <ClCompile Include="CameraArrayRenderer.cpp">
      <Filter>Source Files\Renderer\CameraArray</Filter>
    </ClCompile>
    <ClCompile Include="CameraArrayParser.cpp">
      <Filter>Source Files\Renderer\CameraArray</Filter>
    </ClCompile>
    <ClCompile Include="SphereRenderer.cpp">
      <Filter>Source Files\Renderer</Filter>
    </ClCompile>
    <ClCompile Include="CudaGlArrayBuffer.cpp">
      <Filter>Source Files</Filter>
    </ClCompile>
    <ClCompile Include="HaarLiftingRenderer.cpp">
      <Filter>Source Files\Renderer</Filter>
    </ClCompile>
  </ItemGroup>
  <ItemGroup>
    <CudaCompile Include="CudaHaarLifting.cu">
      <Filter>Source Files\cuda</Filter>
    </CudaCompile>
  </ItemGroup>
  <ItemGroup>
    <None Include="shader\desktop.frag">
      <Filter>Shader Files</Filter>
    </None>
    <None Include="shader\desktop.vert">
      <Filter>Shader Files</Filter>
    </None>
    <None Include="shader\stereo.frag">
      <Filter>Shader Files</Filter>
    </None>
    <None Include="shader\stereo.vert">
      <Filter>Shader Files</Filter>
    </None>
    <None Include="shader\cameraArray.vert">
      <Filter>Shader Files\cameraArray</Filter>
    </None>
    <None Include="shader\cameraArray.frag">
      <Filter>Shader Files\cameraArray</Filter>
    </None>
    <None Include="shader\cameraArray.geom">
      <Filter>Shader Files\cameraArray</Filter>
    </None>
  </ItemGroup>
</Project>