<?xml version="1.0" encoding="utf-8"?>
<Project ToolsVersion="4.0" xmlns="http://schemas.microsoft.com/developer/msbuild/2003">
  <ItemGroup>
    <Filter Include="Source Files">
      <UniqueIdentifier>{4FC737F1-C7A5-4376-A066-2A32D752A2FF}</UniqueIdentifier>
      <Extensions>cpp;c;cc;cxx;def;odl;idl;hpj;bat;asm;asmx</Extensions>
    </Filter>
    <Filter Include="Header Files">
      <UniqueIdentifier>{93995380-89BD-4b04-88EB-625FBE52EBFB}</UniqueIdentifier>
      <Extensions>h;hh;hpp;hxx;hm;inl;inc;xsd</Extensions>
    </Filter>
    <Filter Include="Resource Files">
      <UniqueIdentifier>{67DA6AB6-F800-4c08-8B7A-83BB121AAD01}</UniqueIdentifier>
      <Extensions>rc;ico;cur;bmp;dlg;rc2;rct;bin;rgs;gif;jpg;jpeg;jpe;resx;tiff;tif;png;wav;mfcribbon-ms</Extensions>
    </Filter>
    <Filter Include="Shader Files">
      <UniqueIdentifier>{d9d5cf93-5bee-4a5e-b8f0-5aa288f016d3}</UniqueIdentifier>
    </Filter>
    <Filter Include="Source Files\cuda">
      <UniqueIdentifier>{8fc58b29-1995-4cd3-8422-8ae8ccabe9a6}</UniqueIdentifier>
    </Filter>
    <Filter Include="Header Files\cuda">
      <UniqueIdentifier>{db7eabd0-c914-4fdd-9135-efe3e44a8b19}</UniqueIdentifier>
    </Filter>
  </ItemGroup>
  <ItemGroup>
    <ClInclude Include="stdafx.h">
      <Filter>Header Files</Filter>
    </ClInclude>
    <ClInclude Include="targetver.h">
      <Filter>Header Files</Filter>
    </ClInclude>
    <ClInclude Include="RenderContext.h">
      <Filter>Header Files</Filter>
    </ClInclude>
    <ClInclude Include="ShaderManager.h">
      <Filter>Header Files</Filter>
    </ClInclude>
    <ClInclude Include="HellaViewer.h">
      <Filter>Header Files</Filter>
    </ClInclude>
    <ClInclude Include="VRCamera.h">
      <Filter>Header Files</Filter>
    </ClInclude>
    <ClInclude Include="TrackballCamera.h">
      <Filter>Header Files</Filter>
    </ClInclude>
    <ClInclude Include="CameraArrayRenderer.h">
      <Filter>Header Files</Filter>
    </ClInclude>
    <ClInclude Include="Texture.h">
      <Filter>Header Files</Filter>
    </ClInclude>
    <ClInclude Include="CameraArrayParser.h">
      <Filter>Header Files</Filter>
    </ClInclude>
    <ClInclude Include="thirdparty\tinyxml2\tinyxml2.h">
      <Filter>Header Files</Filter>
    </ClInclude>
    <ClInclude Include="Renderer.h">
      <Filter>Header Files</Filter>
    </ClInclude>
    <ClInclude Include="GLUtility.h">
      <Filter>Header Files</Filter>
    </ClInclude>
    <ClInclude Include="CudaHaarLifting.h">
      <Filter>Header Files\cuda</Filter>
    </ClInclude>
    <ClInclude Include="CudaPropertyViewer.h">
      <Filter>Header Files\cuda</Filter>
    </ClInclude>
    <ClInclude Include="CudaUtility.h">
      <Filter>Header Files\cuda</Filter>
    </ClInclude>
  </ItemGroup>
  <ItemGroup>
    <ClCompile Include="stdafx.cpp">
      <Filter>Source Files</Filter>
    </ClCompile>
    <ClCompile Include="RenderContext.cpp">
      <Filter>Source Files</Filter>
    </ClCompile>
    <ClCompile Include="ShaderManager.cpp">
      <Filter>Source Files</Filter>
    </ClCompile>
    <ClCompile Include="VRCamera.cpp">
      <Filter>Source Files</Filter>
    </ClCompile>
    <ClCompile Include="TrackballCamera.cpp">
      <Filter>Source Files</Filter>
    </ClCompile>
    <ClCompile Include="Texture.cpp">
      <Filter>Source Files</Filter>
    </ClCompile>
    <ClCompile Include="CameraArrayParser.cpp">
      <Filter>Source Files</Filter>
    </ClCompile>
    <ClCompile Include="thirdparty\tinyxml2\tinyxml2.cpp">
      <Filter>Source Files</Filter>
    </ClCompile>
    <ClCompile Include="Renderer.cpp">
      <Filter>Source Files</Filter>
    </ClCompile>
    <ClCompile Include="CameraArrayRenderer.cpp">
      <Filter>Source Files</Filter>
    </ClCompile>
    <ClCompile Include="HellaViewer.cpp">
      <Filter>Source Files</Filter>
    </ClCompile>
    <ClCompile Include="GLUtility.cpp">
      <Filter>Source Files</Filter>
    </ClCompile>
  </ItemGroup>
  <ItemGroup>
    <CudaCompile Include="CudaHaarLifting.cu">
      <Filter>Source Files\cuda</Filter>
    </CudaCompile>
    <CudaCompile Include="CudaPropertyViewer.cpp">
      <Filter>Source Files\cuda</Filter>
    </CudaCompile>
    <CudaCompile Include="CudaUtility.cpp">
      <Filter>Source Files\cuda</Filter>
    </CudaCompile>
  </ItemGroup>
  <ItemGroup>
    <None Include="shader\cameraArray.frag">
      <Filter>Shader Files</Filter>
    </None>
    <None Include="shader\cameraArray.geom">
      <Filter>Shader Files</Filter>
    </None>
    <None Include="shader\cameraArray.vert">
      <Filter>Shader Files</Filter>
    </None>
    <None Include="shader\desktop.frag">
      <Filter>Shader Files</Filter>
    </None>
    <None Include="shader\desktop.vert">
      <Filter>Shader Files</Filter>
    </None>
    <None Include="shader\stereo.frag">
      <Filter>Shader Files</Filter>
    </None>
    <None Include="shader\stereo.vert">
      <Filter>Shader Files</Filter>
    </None>
  </ItemGroup>
</Project>