<?xml version="1.0" encoding="utf-8"?>
<Project ToolsVersion="4.0" xmlns="http://schemas.microsoft.com/developer/msbuild/2003">
  <ItemGroup>
    <Filter Include="Source Files">
      <UniqueIdentifier>{4FC737F1-C7A5-4376-A066-2A32D752A2FF}</UniqueIdentifier>
      <Extensions>cpp;c;cc;cxx;def;odl;idl;hpj;bat;asm;asmx</Extensions>
    </Filter>
    <Filter Include="Header Files">
      <UniqueIdentifier>{93995380-89BD-4b04-88EB-625FBE52EBFB}</UniqueIdentifier>
      <Extensions>h;hh;hpp;hxx;hm;inl;inc;xsd</Extensions>
    </Filter>
    <Filter Include="Resource Files">
      <UniqueIdentifier>{67DA6AB6-F800-4c08-8B7A-83BB121AAD01}</UniqueIdentifier>
      <Extensions>rc;ico;cur;bmp;dlg;rc2;rct;bin;rgs;gif;jpg;jpeg;jpe;resx;tiff;tif;png;wav;mfcribbon-ms</Extensions>
    </Filter>
    <Filter Include="RWRSampler">
      <UniqueIdentifier>{f548d40a-092b-4773-a416-fd46da3e0469}</UniqueIdentifier>
    </Filter>
    <Filter Include="Samplers">
      <UniqueIdentifier>{2d230f84-0e7a-4a31-8c5e-abdd2d68fa75}</UniqueIdentifier>
    </Filter>
    <Filter Include="Samplers\Rays">
      <UniqueIdentifier>{413cc2b0-6e7c-42dc-958f-d8e5b7269cb6}</UniqueIdentifier>
    </Filter>
    <Filter Include="LightField">
      <UniqueIdentifier>{f42778a0-45e7-4e53-ac8d-774b97b57f25}</UniqueIdentifier>
    </Filter>
  </ItemGroup>
  <ItemGroup>
    <ClInclude Include="stdafx.h">
      <Filter>Header Files</Filter>
    </ClInclude>
    <ClInclude Include="targetver.h">
      <Filter>Header Files</Filter>
    </ClInclude>
    <ClInclude Include="ColoredPlaneSampler.h">
      <Filter>Samplers</Filter>
    </ClInclude>
    <ClInclude Include="PlaneSampler.h">
      <Filter>Samplers</Filter>
    </ClInclude>
    <ClInclude Include="Sampler.h">
      <Filter>Samplers</Filter>
    </ClInclude>
    <ClInclude Include="TexturedPlaneSampler.h">
      <Filter>Samplers</Filter>
    </ClInclude>
    <ClInclude Include="SetSampler.h">
      <Filter>Samplers</Filter>
    </ClInclude>
    <ClInclude Include="CheckerboardSampler.h">
      <Filter>Samplers</Filter>
    </ClInclude>
    <ClInclude Include="RWRReader.h">
      <Filter>RWRSampler</Filter>
    </ClInclude>
    <ClInclude Include="Ray.h">
      <Filter>Samplers\Rays</Filter>
    </ClInclude>
    <ClInclude Include="LightFieldСontainer.h">
      <Filter>LightField</Filter>
    </ClInclude>
  </ItemGroup>
  <ItemGroup>
    <ClCompile Include="stdafx.cpp">
      <Filter>Source Files</Filter>
    </ClCompile>
    <ClCompile Include="main.cpp">
      <Filter>Source Files</Filter>
    </ClCompile>
    <ClCompile Include="RWRReader.cpp">
      <Filter>RWRSampler</Filter>
    </ClCompile>
    <ClCompile Include="CheckerboardSampler.cpp">
      <Filter>Samplers</Filter>
    </ClCompile>
    <ClCompile Include="ColoredPlaneSampler.cpp">
      <Filter>Samplers</Filter>
    </ClCompile>
    <ClCompile Include="PlaneSampler.cpp">
      <Filter>Samplers</Filter>
    </ClCompile>
    <ClCompile Include="Sampler.cpp">
      <Filter>Samplers</Filter>
    </ClCompile>
    <ClCompile Include="SetSampler.cpp">
      <Filter>Samplers</Filter>
    </ClCompile>
    <ClCompile Include="TexturedPlaneSampler.cpp">
      <Filter>Samplers</Filter>
    </ClCompile>
    <ClCompile Include="Ray.cpp">
      <Filter>Samplers\Rays</Filter>
    </ClCompile>
    <ClCompile Include="LightFieldСontainer.cpp">
      <Filter>LightField</Filter>
    </ClCompile>
  </ItemGroup>
</Project>